// !$*UTF8*$!
{
	archiveVersion = 1;
	classes = {
	};
	objectVersion = 50;
	objects = {

/* Begin PBXBuildFile section */
		FB050F5324A2A22300CF25DB /* MapView.swift in Sources */ = {isa = PBXBuildFile; fileRef = FB050F5224A2A22300CF25DB /* MapView.swift */; };
		FB27EAF1243FDEBD0052F909 /* AppDelegate.swift in Sources */ = {isa = PBXBuildFile; fileRef = FB27EAF0243FDEBD0052F909 /* AppDelegate.swift */; };
		FB27EAF3243FDEBD0052F909 /* ContentView.swift in Sources */ = {isa = PBXBuildFile; fileRef = FB27EAF2243FDEBD0052F909 /* ContentView.swift */; };
		FB27EAF5243FDEC00052F909 /* Assets.xcassets in Resources */ = {isa = PBXBuildFile; fileRef = FB27EAF4243FDEC00052F909 /* Assets.xcassets */; };
		FB27EAF8243FDEC00052F909 /* Preview Assets.xcassets in Resources */ = {isa = PBXBuildFile; fileRef = FB27EAF7243FDEC00052F909 /* Preview Assets.xcassets */; };
		FB27EAFB243FDEC00052F909 /* Main.storyboard in Resources */ = {isa = PBXBuildFile; fileRef = FB27EAF9243FDEC00052F909 /* Main.storyboard */; };
		FB27EB07243FDEC10052F909 /* VillagesTownTests.swift in Sources */ = {isa = PBXBuildFile; fileRef = FB27EB06243FDEC10052F909 /* VillagesTownTests.swift */; };
		FB27EB12243FDEC10052F909 /* VillagesTownUITests.swift in Sources */ = {isa = PBXBuildFile; fileRef = FB27EB11243FDEC10052F909 /* VillagesTownUITests.swift */; };
		FB27EB22243FDF380052F909 /* Village.swift in Sources */ = {isa = PBXBuildFile; fileRef = FB27EB21243FDF380052F909 /* Village.swift */; };
		FB27EB26243FE05A0052F909 /* Resource.swift in Sources */ = {isa = PBXBuildFile; fileRef = FB27EB25243FE05A0052F909 /* Resource.swift */; };
		FB3768D0244226A100551312 /* Building.swift in Sources */ = {isa = PBXBuildFile; fileRef = FB3768CF244226A100551312 /* Building.swift */; };
		FB3E4FDC24511129000869EB /* ResourceHolder.swift in Sources */ = {isa = PBXBuildFile; fileRef = FB3E4FDB24511129000869EB /* ResourceHolder.swift */; };
		FB3E4FDE24511440000869EB /* Entity.swift in Sources */ = {isa = PBXBuildFile; fileRef = FB3E4FDD24511440000869EB /* Entity.swift */; };
		FB3E4FE0245116F2000869EB /* BuildingProductionEngineTests.swift in Sources */ = {isa = PBXBuildFile; fileRef = FB3E4FDF245116F2000869EB /* BuildingProductionEngineTests.swift */; };
		FB3E4FE224511A4C000869EB /* TreasuryHolder.swift in Sources */ = {isa = PBXBuildFile; fileRef = FB3E4FE124511A4C000869EB /* TreasuryHolder.swift */; };
		FB3E4FE424511B12000869EB /* TreasuryHolderTests.swift in Sources */ = {isa = PBXBuildFile; fileRef = FB3E4FE324511B12000869EB /* TreasuryHolderTests.swift */; };
		FB48B06824431CEB00F530E7 /* TurnEngine.swift in Sources */ = {isa = PBXBuildFile; fileRef = FB48B06724431CEB00F530E7 /* TurnEngine.swift */; };
		FB48B06A24431D9900F530E7 /* ResourcesHolderTests.swift in Sources */ = {isa = PBXBuildFile; fileRef = FB48B06924431D9900F530E7 /* ResourcesHolderTests.swift */; };
		FB48B06C244377AD00F530E7 /* BuildingProductionEngine.swift in Sources */ = {isa = PBXBuildFile; fileRef = FB48B06B244377AD00F530E7 /* BuildingProductionEngine.swift */; };
		FBC8BD63243FE6AF00DC64CD /* Constants.swift in Sources */ = {isa = PBXBuildFile; fileRef = FBC8BD62243FE6AF00DC64CD /* Constants.swift */; };
		FBC8BD67243FEDCC00DC64CD /* Village+Enums.swift in Sources */ = {isa = PBXBuildFile; fileRef = FBC8BD66243FEDCC00DC64CD /* Village+Enums.swift */; };
		FBC8BD6A243FEEA600DC64CD /* GameManager.swift in Sources */ = {isa = PBXBuildFile; fileRef = FBC8BD69243FEEA600DC64CD /* GameManager.swift */; };
		FBC8BD6C243FEF3100DC64CD /* Nationality.swift in Sources */ = {isa = PBXBuildFile; fileRef = FBC8BD6B243FEF3100DC64CD /* Nationality.swift */; };
		FBC8BD6E243FF0E300DC64CD /* Map.swift in Sources */ = {isa = PBXBuildFile; fileRef = FBC8BD6D243FF0E300DC64CD /* Map.swift */; };
/* End PBXBuildFile section */

/* Begin PBXContainerItemProxy section */
		FB27EB03243FDEC10052F909 /* PBXContainerItemProxy */ = {
			isa = PBXContainerItemProxy;
			containerPortal = FB27EAE5243FDEBC0052F909 /* Project object */;
			proxyType = 1;
			remoteGlobalIDString = FB27EAEC243FDEBD0052F909;
			remoteInfo = VillagesTown;
		};
		FB27EB0E243FDEC10052F909 /* PBXContainerItemProxy */ = {
			isa = PBXContainerItemProxy;
			containerPortal = FB27EAE5243FDEBC0052F909 /* Project object */;
			proxyType = 1;
			remoteGlobalIDString = FB27EAEC243FDEBD0052F909;
			remoteInfo = VillagesTown;
		};
/* End PBXContainerItemProxy section */

/* Begin PBXFileReference section */
		FB050F5224A2A22300CF25DB /* MapView.swift */ = {isa = PBXFileReference; lastKnownFileType = sourcecode.swift; path = MapView.swift; sourceTree = "<group>"; };
		FB27EAED243FDEBD0052F909 /* VillagesTown.app */ = {isa = PBXFileReference; explicitFileType = wrapper.application; includeInIndex = 0; path = VillagesTown.app; sourceTree = BUILT_PRODUCTS_DIR; };
		FB27EAF0243FDEBD0052F909 /* AppDelegate.swift */ = {isa = PBXFileReference; lastKnownFileType = sourcecode.swift; path = AppDelegate.swift; sourceTree = "<group>"; };
		FB27EAF2243FDEBD0052F909 /* ContentView.swift */ = {isa = PBXFileReference; lastKnownFileType = sourcecode.swift; path = ContentView.swift; sourceTree = "<group>"; };
		FB27EAF4243FDEC00052F909 /* Assets.xcassets */ = {isa = PBXFileReference; lastKnownFileType = folder.assetcatalog; path = Assets.xcassets; sourceTree = "<group>"; };
		FB27EAF7243FDEC00052F909 /* Preview Assets.xcassets */ = {isa = PBXFileReference; lastKnownFileType = folder.assetcatalog; path = "Preview Assets.xcassets"; sourceTree = "<group>"; };
		FB27EAFA243FDEC00052F909 /* Base */ = {isa = PBXFileReference; lastKnownFileType = file.storyboard; name = Base; path = Base.lproj/Main.storyboard; sourceTree = "<group>"; };
		FB27EAFC243FDEC00052F909 /* Info.plist */ = {isa = PBXFileReference; lastKnownFileType = text.plist.xml; path = Info.plist; sourceTree = "<group>"; };
		FB27EAFD243FDEC00052F909 /* VillagesTown.entitlements */ = {isa = PBXFileReference; lastKnownFileType = text.plist.entitlements; path = VillagesTown.entitlements; sourceTree = "<group>"; };
		FB27EB02243FDEC10052F909 /* VillagesTownTests.xctest */ = {isa = PBXFileReference; explicitFileType = wrapper.cfbundle; includeInIndex = 0; path = VillagesTownTests.xctest; sourceTree = BUILT_PRODUCTS_DIR; };
		FB27EB06243FDEC10052F909 /* VillagesTownTests.swift */ = {isa = PBXFileReference; lastKnownFileType = sourcecode.swift; path = VillagesTownTests.swift; sourceTree = "<group>"; };
		FB27EB08243FDEC10052F909 /* Info.plist */ = {isa = PBXFileReference; lastKnownFileType = text.plist.xml; path = Info.plist; sourceTree = "<group>"; };
		FB27EB0D243FDEC10052F909 /* VillagesTownUITests.xctest */ = {isa = PBXFileReference; explicitFileType = wrapper.cfbundle; includeInIndex = 0; path = VillagesTownUITests.xctest; sourceTree = BUILT_PRODUCTS_DIR; };
		FB27EB11243FDEC10052F909 /* VillagesTownUITests.swift */ = {isa = PBXFileReference; lastKnownFileType = sourcecode.swift; path = VillagesTownUITests.swift; sourceTree = "<group>"; };
		FB27EB13243FDEC10052F909 /* Info.plist */ = {isa = PBXFileReference; lastKnownFileType = text.plist.xml; path = Info.plist; sourceTree = "<group>"; };
		FB27EB21243FDF380052F909 /* Village.swift */ = {isa = PBXFileReference; lastKnownFileType = sourcecode.swift; path = Village.swift; sourceTree = "<group>"; };
		FB27EB25243FE05A0052F909 /* Resource.swift */ = {isa = PBXFileReference; lastKnownFileType = sourcecode.swift; path = Resource.swift; sourceTree = "<group>"; };
		FB3768CF244226A100551312 /* Building.swift */ = {isa = PBXFileReference; lastKnownFileType = sourcecode.swift; path = Building.swift; sourceTree = "<group>"; };
		FB3E4FDB24511129000869EB /* ResourceHolder.swift */ = {isa = PBXFileReference; lastKnownFileType = sourcecode.swift; path = ResourceHolder.swift; sourceTree = "<group>"; };
		FB3E4FDD24511440000869EB /* Entity.swift */ = {isa = PBXFileReference; lastKnownFileType = sourcecode.swift; path = Entity.swift; sourceTree = "<group>"; };
		FB3E4FDF245116F2000869EB /* BuildingProductionEngineTests.swift */ = {isa = PBXFileReference; lastKnownFileType = sourcecode.swift; path = BuildingProductionEngineTests.swift; sourceTree = "<group>"; };
		FB3E4FE124511A4C000869EB /* TreasuryHolder.swift */ = {isa = PBXFileReference; lastKnownFileType = sourcecode.swift; path = TreasuryHolder.swift; sourceTree = "<group>"; };
		FB3E4FE324511B12000869EB /* TreasuryHolderTests.swift */ = {isa = PBXFileReference; lastKnownFileType = sourcecode.swift; path = TreasuryHolderTests.swift; sourceTree = "<group>"; };
		FB48B06724431CEB00F530E7 /* TurnEngine.swift */ = {isa = PBXFileReference; lastKnownFileType = sourcecode.swift; path = TurnEngine.swift; sourceTree = "<group>"; };
		FB48B06924431D9900F530E7 /* ResourcesHolderTests.swift */ = {isa = PBXFileReference; lastKnownFileType = sourcecode.swift; path = ResourcesHolderTests.swift; sourceTree = "<group>"; };
		FB48B06B244377AD00F530E7 /* BuildingProductionEngine.swift */ = {isa = PBXFileReference; lastKnownFileType = sourcecode.swift; path = BuildingProductionEngine.swift; sourceTree = "<group>"; };
		FBC8BD62243FE6AF00DC64CD /* Constants.swift */ = {isa = PBXFileReference; lastKnownFileType = sourcecode.swift; path = Constants.swift; sourceTree = "<group>"; };
		FBC8BD66243FEDCC00DC64CD /* Village+Enums.swift */ = {isa = PBXFileReference; lastKnownFileType = sourcecode.swift; path = "Village+Enums.swift"; sourceTree = "<group>"; };
		FBC8BD69243FEEA600DC64CD /* GameManager.swift */ = {isa = PBXFileReference; lastKnownFileType = sourcecode.swift; path = GameManager.swift; sourceTree = "<group>"; };
		FBC8BD6B243FEF3100DC64CD /* Nationality.swift */ = {isa = PBXFileReference; lastKnownFileType = sourcecode.swift; path = Nationality.swift; sourceTree = "<group>"; };
		FBC8BD6D243FF0E300DC64CD /* Map.swift */ = {isa = PBXFileReference; lastKnownFileType = sourcecode.swift; path = Map.swift; sourceTree = "<group>"; };
/* End PBXFileReference section */

/* Begin PBXFrameworksBuildPhase section */
		FB27EAEA243FDEBD0052F909 /* Frameworks */ = {
			isa = PBXFrameworksBuildPhase;
			buildActionMask = 2147483647;
			files = (
			);
			runOnlyForDeploymentPostprocessing = 0;
		};
		FB27EAFF243FDEC10052F909 /* Frameworks */ = {
			isa = PBXFrameworksBuildPhase;
			buildActionMask = 2147483647;
			files = (
			);
			runOnlyForDeploymentPostprocessing = 0;
		};
		FB27EB0A243FDEC10052F909 /* Frameworks */ = {
			isa = PBXFrameworksBuildPhase;
			buildActionMask = 2147483647;
			files = (
			);
			runOnlyForDeploymentPostprocessing = 0;
		};
/* End PBXFrameworksBuildPhase section */

/* Begin PBXGroup section */
		FB050F5124A2A1F400CF25DB /* UI */ = {
			isa = PBXGroup;
			children = (
				FB050F5224A2A22300CF25DB /* MapView.swift */,
			);
			path = UI;
			sourceTree = "<group>";
		};
		FB27EAE4243FDEBC0052F909 = {
			isa = PBXGroup;
			children = (
				FB27EAEF243FDEBD0052F909 /* VillagesTown */,
				FB27EB05243FDEC10052F909 /* VillagesTownTests */,
				FB27EB10243FDEC10052F909 /* VillagesTownUITests */,
				FB27EAEE243FDEBD0052F909 /* Products */,
			);
			sourceTree = "<group>";
		};
		FB27EAEE243FDEBD0052F909 /* Products */ = {
			isa = PBXGroup;
			children = (
				FB27EAED243FDEBD0052F909 /* VillagesTown.app */,
				FB27EB02243FDEC10052F909 /* VillagesTownTests.xctest */,
				FB27EB0D243FDEC10052F909 /* VillagesTownUITests.xctest */,
			);
			name = Products;
			sourceTree = "<group>";
		};
		FB27EAEF243FDEBD0052F909 /* VillagesTown */ = {
			isa = PBXGroup;
			children = (
				FBC8BD61243FE6A500DC64CD /* Constants */,
				FB27EB20243FDF160052F909 /* Engines */,
				FB27EB1F243FDF0C0052F909 /* Data */,
				FB050F5124A2A1F400CF25DB /* UI */,
				FB27EAF0243FDEBD0052F909 /* AppDelegate.swift */,
				FB27EAF2243FDEBD0052F909 /* ContentView.swift */,
				FB27EAF4243FDEC00052F909 /* Assets.xcassets */,
				FB27EAF9243FDEC00052F909 /* Main.storyboard */,
				FB27EAFC243FDEC00052F909 /* Info.plist */,
				FB27EAFD243FDEC00052F909 /* VillagesTown.entitlements */,
				FB27EAF6243FDEC00052F909 /* Preview Content */,
			);
			path = VillagesTown;
			sourceTree = "<group>";
		};
		FB27EAF6243FDEC00052F909 /* Preview Content */ = {
			isa = PBXGroup;
			children = (
				FB27EAF7243FDEC00052F909 /* Preview Assets.xcassets */,
			);
			path = "Preview Content";
			sourceTree = "<group>";
		};
		FB27EB05243FDEC10052F909 /* VillagesTownTests */ = {
			isa = PBXGroup;
			children = (
				FB48B06924431D9900F530E7 /* ResourcesHolderTests.swift */,
				FB3E4FE324511B12000869EB /* TreasuryHolderTests.swift */,
				FB3E4FDF245116F2000869EB /* BuildingProductionEngineTests.swift */,
				FB27EB06243FDEC10052F909 /* VillagesTownTests.swift */,
				FB27EB08243FDEC10052F909 /* Info.plist */,
			);
			path = VillagesTownTests;
			sourceTree = "<group>";
		};
		FB27EB10243FDEC10052F909 /* VillagesTownUITests */ = {
			isa = PBXGroup;
			children = (
				FB27EB11243FDEC10052F909 /* VillagesTownUITests.swift */,
				FB27EB13243FDEC10052F909 /* Info.plist */,
			);
			path = VillagesTownUITests;
			sourceTree = "<group>";
		};
		FB27EB1F243FDF0C0052F909 /* Data */ = {
			isa = PBXGroup;
			children = (
				FBC8BD68243FEE8900DC64CD /* HolderProtocols */,
				FB27EB24243FDF4C0052F909 /* Resource */,
				FB27EB23243FDF3E0052F909 /* Entity */,
				FBC8BD6B243FEF3100DC64CD /* Nationality.swift */,
				FBC8BD6D243FF0E300DC64CD /* Map.swift */,
				FB3768CF244226A100551312 /* Building.swift */,
			);
			path = Data;
			sourceTree = "<group>";
		};
		FB27EB20243FDF160052F909 /* Engines */ = {
			isa = PBXGroup;
			children = (
				FBC8BD69243FEEA600DC64CD /* GameManager.swift */,
				FB48B06724431CEB00F530E7 /* TurnEngine.swift */,
				FB48B06B244377AD00F530E7 /* BuildingProductionEngine.swift */,
			);
			path = Engines;
			sourceTree = "<group>";
		};
		FB27EB23243FDF3E0052F909 /* Entity */ = {
			isa = PBXGroup;
			children = (
				FB3E4FDD24511440000869EB /* Entity.swift */,
				FB27EB21243FDF380052F909 /* Village.swift */,
				FBC8BD66243FEDCC00DC64CD /* Village+Enums.swift */,
			);
			path = Entity;
			sourceTree = "<group>";
		};
		FB27EB24243FDF4C0052F909 /* Resource */ = {
			isa = PBXGroup;
			children = (
				FB27EB25243FE05A0052F909 /* Resource.swift */,
			);
			path = Resource;
			sourceTree = "<group>";
		};
		FBC8BD61243FE6A500DC64CD /* Constants */ = {
			isa = PBXGroup;
			children = (
				FBC8BD62243FE6AF00DC64CD /* Constants.swift */,
			);
			path = Constants;
			sourceTree = "<group>";
		};
		FBC8BD68243FEE8900DC64CD /* HolderProtocols */ = {
			isa = PBXGroup;
			children = (
				FB3E4FDB24511129000869EB /* ResourceHolder.swift */,
				FB3E4FE124511A4C000869EB /* TreasuryHolder.swift */,
			);
			path = HolderProtocols;
			sourceTree = "<group>";
		};
/* End PBXGroup section */

/* Begin PBXNativeTarget section */
		FB27EAEC243FDEBD0052F909 /* VillagesTown */ = {
			isa = PBXNativeTarget;
			buildConfigurationList = FB27EB16243FDEC10052F909 /* Build configuration list for PBXNativeTarget "VillagesTown" */;
			buildPhases = (
				FB27EAE9243FDEBD0052F909 /* Sources */,
				FB27EAEA243FDEBD0052F909 /* Frameworks */,
				FB27EAEB243FDEBD0052F909 /* Resources */,
			);
			buildRules = (
			);
			dependencies = (
			);
			name = VillagesTown;
			productName = VillagesTown;
			productReference = FB27EAED243FDEBD0052F909 /* VillagesTown.app */;
			productType = "com.apple.product-type.application";
		};
		FB27EB01243FDEC10052F909 /* VillagesTownTests */ = {
			isa = PBXNativeTarget;
			buildConfigurationList = FB27EB19243FDEC10052F909 /* Build configuration list for PBXNativeTarget "VillagesTownTests" */;
			buildPhases = (
				FB27EAFE243FDEC10052F909 /* Sources */,
				FB27EAFF243FDEC10052F909 /* Frameworks */,
				FB27EB00243FDEC10052F909 /* Resources */,
			);
			buildRules = (
			);
			dependencies = (
				FB27EB04243FDEC10052F909 /* PBXTargetDependency */,
			);
			name = VillagesTownTests;
			productName = VillagesTownTests;
			productReference = FB27EB02243FDEC10052F909 /* VillagesTownTests.xctest */;
			productType = "com.apple.product-type.bundle.unit-test";
		};
		FB27EB0C243FDEC10052F909 /* VillagesTownUITests */ = {
			isa = PBXNativeTarget;
			buildConfigurationList = FB27EB1C243FDEC10052F909 /* Build configuration list for PBXNativeTarget "VillagesTownUITests" */;
			buildPhases = (
				FB27EB09243FDEC10052F909 /* Sources */,
				FB27EB0A243FDEC10052F909 /* Frameworks */,
				FB27EB0B243FDEC10052F909 /* Resources */,
			);
			buildRules = (
			);
			dependencies = (
				FB27EB0F243FDEC10052F909 /* PBXTargetDependency */,
			);
			name = VillagesTownUITests;
			productName = VillagesTownUITests;
			productReference = FB27EB0D243FDEC10052F909 /* VillagesTownUITests.xctest */;
			productType = "com.apple.product-type.bundle.ui-testing";
		};
/* End PBXNativeTarget section */

/* Begin PBXProject section */
		FB27EAE5243FDEBC0052F909 /* Project object */ = {
			isa = PBXProject;
			attributes = {
				LastSwiftUpdateCheck = 1130;
				LastUpgradeCheck = 1130;
				ORGANIZATIONNAME = "Furkan Kaynar";
				TargetAttributes = {
					FB27EAEC243FDEBD0052F909 = {
						CreatedOnToolsVersion = 11.3.1;
					};
					FB27EB01243FDEC10052F909 = {
						CreatedOnToolsVersion = 11.3.1;
						TestTargetID = FB27EAEC243FDEBD0052F909;
					};
					FB27EB0C243FDEC10052F909 = {
						CreatedOnToolsVersion = 11.3.1;
						TestTargetID = FB27EAEC243FDEBD0052F909;
					};
				};
			};
			buildConfigurationList = FB27EAE8243FDEBC0052F909 /* Build configuration list for PBXProject "VillagesTown" */;
			compatibilityVersion = "Xcode 9.3";
			developmentRegion = en;
			hasScannedForEncodings = 0;
			knownRegions = (
				en,
				Base,
			);
			mainGroup = FB27EAE4243FDEBC0052F909;
			productRefGroup = FB27EAEE243FDEBD0052F909 /* Products */;
			projectDirPath = "";
			projectRoot = "";
			targets = (
				FB27EAEC243FDEBD0052F909 /* VillagesTown */,
				FB27EB01243FDEC10052F909 /* VillagesTownTests */,
				FB27EB0C243FDEC10052F909 /* VillagesTownUITests */,
			);
		};
/* End PBXProject section */

/* Begin PBXResourcesBuildPhase section */
		FB27EAEB243FDEBD0052F909 /* Resources */ = {
			isa = PBXResourcesBuildPhase;
			buildActionMask = 2147483647;
			files = (
				FB27EAFB243FDEC00052F909 /* Main.storyboard in Resources */,
				FB27EAF8243FDEC00052F909 /* Preview Assets.xcassets in Resources */,
				FB27EAF5243FDEC00052F909 /* Assets.xcassets in Resources */,
			);
			runOnlyForDeploymentPostprocessing = 0;
		};
		FB27EB00243FDEC10052F909 /* Resources */ = {
			isa = PBXResourcesBuildPhase;
			buildActionMask = 2147483647;
			files = (
			);
			runOnlyForDeploymentPostprocessing = 0;
		};
		FB27EB0B243FDEC10052F909 /* Resources */ = {
			isa = PBXResourcesBuildPhase;
			buildActionMask = 2147483647;
			files = (
			);
			runOnlyForDeploymentPostprocessing = 0;
		};
/* End PBXResourcesBuildPhase section */

/* Begin PBXSourcesBuildPhase section */
		FB27EAE9243FDEBD0052F909 /* Sources */ = {
			isa = PBXSourcesBuildPhase;
			buildActionMask = 2147483647;
			files = (
				FBC8BD6E243FF0E300DC64CD /* Map.swift in Sources */,
				FB050F5324A2A22300CF25DB /* MapView.swift in Sources */,
				FBC8BD63243FE6AF00DC64CD /* Constants.swift in Sources */,
				FB3E4FDE24511440000869EB /* Entity.swift in Sources */,
				FB48B06824431CEB00F530E7 /* TurnEngine.swift in Sources */,
				FBC8BD6A243FEEA600DC64CD /* GameManager.swift in Sources */,
				FB3768D0244226A100551312 /* Building.swift in Sources */,
				FB27EB22243FDF380052F909 /* Village.swift in Sources */,
				FBC8BD6C243FEF3100DC64CD /* Nationality.swift in Sources */,
				FBC8BD67243FEDCC00DC64CD /* Village+Enums.swift in Sources */,
				FB3E4FE224511A4C000869EB /* TreasuryHolder.swift in Sources */,
				FB27EB26243FE05A0052F909 /* Resource.swift in Sources */,
				FB27EAF3243FDEBD0052F909 /* ContentView.swift in Sources */,
				FB3E4FDC24511129000869EB /* ResourceHolder.swift in Sources */,
				FB27EAF1243FDEBD0052F909 /* AppDelegate.swift in Sources */,
				FB48B06C244377AD00F530E7 /* BuildingProductionEngine.swift in Sources */,
			);
			runOnlyForDeploymentPostprocessing = 0;
		};
		FB27EAFE243FDEC10052F909 /* Sources */ = {
			isa = PBXSourcesBuildPhase;
			buildActionMask = 2147483647;
			files = (
				FB3E4FE424511B12000869EB /* TreasuryHolderTests.swift in Sources */,
				FB3E4FE0245116F2000869EB /* BuildingProductionEngineTests.swift in Sources */,
				FB27EB07243FDEC10052F909 /* VillagesTownTests.swift in Sources */,
				FB48B06A24431D9900F530E7 /* ResourcesHolderTests.swift in Sources */,
			);
			runOnlyForDeploymentPostprocessing = 0;
		};
		FB27EB09243FDEC10052F909 /* Sources */ = {
			isa = PBXSourcesBuildPhase;
			buildActionMask = 2147483647;
			files = (
				FB27EB12243FDEC10052F909 /* VillagesTownUITests.swift in Sources */,
			);
			runOnlyForDeploymentPostprocessing = 0;
		};
/* End PBXSourcesBuildPhase section */

/* Begin PBXTargetDependency section */
		FB27EB04243FDEC10052F909 /* PBXTargetDependency */ = {
			isa = PBXTargetDependency;
			target = FB27EAEC243FDEBD0052F909 /* VillagesTown */;
			targetProxy = FB27EB03243FDEC10052F909 /* PBXContainerItemProxy */;
		};
		FB27EB0F243FDEC10052F909 /* PBXTargetDependency */ = {
			isa = PBXTargetDependency;
			target = FB27EAEC243FDEBD0052F909 /* VillagesTown */;
			targetProxy = FB27EB0E243FDEC10052F909 /* PBXContainerItemProxy */;
		};
/* End PBXTargetDependency section */

/* Begin PBXVariantGroup section */
		FB27EAF9243FDEC00052F909 /* Main.storyboard */ = {
			isa = PBXVariantGroup;
			children = (
				FB27EAFA243FDEC00052F909 /* Base */,
			);
			name = Main.storyboard;
			sourceTree = "<group>";
		};
/* End PBXVariantGroup section */

/* Begin XCBuildConfiguration section */
		FB27EB14243FDEC10052F909 /* Debug */ = {
			isa = XCBuildConfiguration;
			buildSettings = {
				ALWAYS_SEARCH_USER_PATHS = NO;
				CLANG_ANALYZER_NONNULL = YES;
				CLANG_ANALYZER_NUMBER_OBJECT_CONVERSION = YES_AGGRESSIVE;
				CLANG_CXX_LANGUAGE_STANDARD = "gnu++14";
				CLANG_CXX_LIBRARY = "libc++";
				CLANG_ENABLE_MODULES = YES;
				CLANG_ENABLE_OBJC_ARC = YES;
				CLANG_ENABLE_OBJC_WEAK = YES;
				CLANG_WARN_BLOCK_CAPTURE_AUTORELEASING = YES;
				CLANG_WARN_BOOL_CONVERSION = YES;
				CLANG_WARN_COMMA = YES;
				CLANG_WARN_CONSTANT_CONVERSION = YES;
				CLANG_WARN_DEPRECATED_OBJC_IMPLEMENTATIONS = YES;
				CLANG_WARN_DIRECT_OBJC_ISA_USAGE = YES_ERROR;
				CLANG_WARN_DOCUMENTATION_COMMENTS = YES;
				CLANG_WARN_EMPTY_BODY = YES;
				CLANG_WARN_ENUM_CONVERSION = YES;
				CLANG_WARN_INFINITE_RECURSION = YES;
				CLANG_WARN_INT_CONVERSION = YES;
				CLANG_WARN_NON_LITERAL_NULL_CONVERSION = YES;
				CLANG_WARN_OBJC_IMPLICIT_RETAIN_SELF = YES;
				CLANG_WARN_OBJC_LITERAL_CONVERSION = YES;
				CLANG_WARN_OBJC_ROOT_CLASS = YES_ERROR;
				CLANG_WARN_RANGE_LOOP_ANALYSIS = YES;
				CLANG_WARN_STRICT_PROTOTYPES = YES;
				CLANG_WARN_SUSPICIOUS_MOVE = YES;
				CLANG_WARN_UNGUARDED_AVAILABILITY = YES_AGGRESSIVE;
				CLANG_WARN_UNREACHABLE_CODE = YES;
				CLANG_WARN__DUPLICATE_METHOD_MATCH = YES;
				COPY_PHASE_STRIP = NO;
				DEBUG_INFORMATION_FORMAT = dwarf;
				ENABLE_STRICT_OBJC_MSGSEND = YES;
				ENABLE_TESTABILITY = YES;
				GCC_C_LANGUAGE_STANDARD = gnu11;
				GCC_DYNAMIC_NO_PIC = NO;
				GCC_NO_COMMON_BLOCKS = YES;
				GCC_OPTIMIZATION_LEVEL = 0;
				GCC_PREPROCESSOR_DEFINITIONS = (
					"DEBUG=1",
					"$(inherited)",
				);
				GCC_WARN_64_TO_32_BIT_CONVERSION = YES;
				GCC_WARN_ABOUT_RETURN_TYPE = YES_ERROR;
				GCC_WARN_UNDECLARED_SELECTOR = YES;
				GCC_WARN_UNINITIALIZED_AUTOS = YES_AGGRESSIVE;
				GCC_WARN_UNUSED_FUNCTION = YES;
				GCC_WARN_UNUSED_VARIABLE = YES;
				MACOSX_DEPLOYMENT_TARGET = 10.15;
				MTL_ENABLE_DEBUG_INFO = INCLUDE_SOURCE;
				MTL_FAST_MATH = YES;
				ONLY_ACTIVE_ARCH = YES;
				SDKROOT = macosx;
				SWIFT_ACTIVE_COMPILATION_CONDITIONS = DEBUG;
				SWIFT_OPTIMIZATION_LEVEL = "-Onone";
			};
			name = Debug;
		};
		FB27EB15243FDEC10052F909 /* Release */ = {
			isa = XCBuildConfiguration;
			buildSettings = {
				ALWAYS_SEARCH_USER_PATHS = NO;
				CLANG_ANALYZER_NONNULL = YES;
				CLANG_ANALYZER_NUMBER_OBJECT_CONVERSION = YES_AGGRESSIVE;
				CLANG_CXX_LANGUAGE_STANDARD = "gnu++14";
				CLANG_CXX_LIBRARY = "libc++";
				CLANG_ENABLE_MODULES = YES;
				CLANG_ENABLE_OBJC_ARC = YES;
				CLANG_ENABLE_OBJC_WEAK = YES;
				CLANG_WARN_BLOCK_CAPTURE_AUTORELEASING = YES;
				CLANG_WARN_BOOL_CONVERSION = YES;
				CLANG_WARN_COMMA = YES;
				CLANG_WARN_CONSTANT_CONVERSION = YES;
				CLANG_WARN_DEPRECATED_OBJC_IMPLEMENTATIONS = YES;
				CLANG_WARN_DIRECT_OBJC_ISA_USAGE = YES_ERROR;
				CLANG_WARN_DOCUMENTATION_COMMENTS = YES;
				CLANG_WARN_EMPTY_BODY = YES;
				CLANG_WARN_ENUM_CONVERSION = YES;
				CLANG_WARN_INFINITE_RECURSION = YES;
				CLANG_WARN_INT_CONVERSION = YES;
				CLANG_WARN_NON_LITERAL_NULL_CONVERSION = YES;
				CLANG_WARN_OBJC_IMPLICIT_RETAIN_SELF = YES;
				CLANG_WARN_OBJC_LITERAL_CONVERSION = YES;
				CLANG_WARN_OBJC_ROOT_CLASS = YES_ERROR;
				CLANG_WARN_RANGE_LOOP_ANALYSIS = YES;
				CLANG_WARN_STRICT_PROTOTYPES = YES;
				CLANG_WARN_SUSPICIOUS_MOVE = YES;
				CLANG_WARN_UNGUARDED_AVAILABILITY = YES_AGGRESSIVE;
				CLANG_WARN_UNREACHABLE_CODE = YES;
				CLANG_WARN__DUPLICATE_METHOD_MATCH = YES;
				COPY_PHASE_STRIP = NO;
				DEBUG_INFORMATION_FORMAT = "dwarf-with-dsym";
				ENABLE_NS_ASSERTIONS = NO;
				ENABLE_STRICT_OBJC_MSGSEND = YES;
				GCC_C_LANGUAGE_STANDARD = gnu11;
				GCC_NO_COMMON_BLOCKS = YES;
				GCC_WARN_64_TO_32_BIT_CONVERSION = YES;
				GCC_WARN_ABOUT_RETURN_TYPE = YES_ERROR;
				GCC_WARN_UNDECLARED_SELECTOR = YES;
				GCC_WARN_UNINITIALIZED_AUTOS = YES_AGGRESSIVE;
				GCC_WARN_UNUSED_FUNCTION = YES;
				GCC_WARN_UNUSED_VARIABLE = YES;
				MACOSX_DEPLOYMENT_TARGET = 10.15;
				MTL_ENABLE_DEBUG_INFO = NO;
				MTL_FAST_MATH = YES;
				SDKROOT = macosx;
				SWIFT_COMPILATION_MODE = wholemodule;
				SWIFT_OPTIMIZATION_LEVEL = "-O";
			};
			name = Release;
		};
		FB27EB17243FDEC10052F909 /* Debug */ = {
			isa = XCBuildConfiguration;
			buildSettings = {
				ASSETCATALOG_COMPILER_APPICON_NAME = AppIcon;
				CODE_SIGN_ENTITLEMENTS = VillagesTown/VillagesTown.entitlements;
				CODE_SIGN_STYLE = Automatic;
				COMBINE_HIDPI_IMAGES = YES;
				DEVELOPMENT_ASSET_PATHS = "\"VillagesTown/Preview Content\"";
				DEVELOPMENT_TEAM = TU6A9VFP8M;
				ENABLE_HARDENED_RUNTIME = YES;
				ENABLE_PREVIEWS = YES;
				INFOPLIST_FILE = VillagesTown/Info.plist;
				LD_RUNPATH_SEARCH_PATHS = (
					"$(inherited)",
					"@executable_path/../Frameworks",
				);
				MACOSX_DEPLOYMENT_TARGET = 10.15;
				PRODUCT_BUNDLE_IDENTIFIER = furrki.VillagesTown;
				PRODUCT_NAME = "$(TARGET_NAME)";
				SWIFT_VERSION = 5.0;
			};
			name = Debug;
		};
		FB27EB18243FDEC10052F909 /* Release */ = {
			isa = XCBuildConfiguration;
			buildSettings = {
				ASSETCATALOG_COMPILER_APPICON_NAME = AppIcon;
				CODE_SIGN_ENTITLEMENTS = VillagesTown/VillagesTown.entitlements;
				CODE_SIGN_STYLE = Automatic;
				COMBINE_HIDPI_IMAGES = YES;
				DEVELOPMENT_ASSET_PATHS = "\"VillagesTown/Preview Content\"";
				DEVELOPMENT_TEAM = TU6A9VFP8M;
				ENABLE_HARDENED_RUNTIME = YES;
				ENABLE_PREVIEWS = YES;
				INFOPLIST_FILE = VillagesTown/Info.plist;
				LD_RUNPATH_SEARCH_PATHS = (
					"$(inherited)",
					"@executable_path/../Frameworks",
				);
				MACOSX_DEPLOYMENT_TARGET = 10.15;
				PRODUCT_BUNDLE_IDENTIFIER = furrki.VillagesTown;
				PRODUCT_NAME = "$(TARGET_NAME)";
				SWIFT_VERSION = 5.0;
			};
			name = Release;
		};
		FB27EB1A243FDEC10052F909 /* Debug */ = {
			isa = XCBuildConfiguration;
			buildSettings = {
				ALWAYS_EMBED_SWIFT_STANDARD_LIBRARIES = YES;
				BUNDLE_LOADER = "$(TEST_HOST)";
				CODE_SIGN_STYLE = Automatic;
				COMBINE_HIDPI_IMAGES = YES;
				DEVELOPMENT_TEAM = TU6A9VFP8M;
				INFOPLIST_FILE = VillagesTownTests/Info.plist;
				LD_RUNPATH_SEARCH_PATHS = (
					"$(inherited)",
					"@executable_path/../Frameworks",
					"@loader_path/../Frameworks",
				);
				MACOSX_DEPLOYMENT_TARGET = 10.15;
				PRODUCT_BUNDLE_IDENTIFIER = furrki.VillagesTownTests;
				PRODUCT_NAME = "$(TARGET_NAME)";
				SWIFT_VERSION = 5.0;
				TEST_HOST = "$(BUILT_PRODUCTS_DIR)/VillagesTown.app/Contents/MacOS/VillagesTown";
			};
			name = Debug;
		};
		FB27EB1B243FDEC10052F909 /* Release */ = {
			isa = XCBuildConfiguration;
			buildSettings = {
				ALWAYS_EMBED_SWIFT_STANDARD_LIBRARIES = YES;
				BUNDLE_LOADER = "$(TEST_HOST)";
				CODE_SIGN_STYLE = Automatic;
				COMBINE_HIDPI_IMAGES = YES;
				DEVELOPMENT_TEAM = TU6A9VFP8M;
				INFOPLIST_FILE = VillagesTownTests/Info.plist;
				LD_RUNPATH_SEARCH_PATHS = (
					"$(inherited)",
					"@executable_path/../Frameworks",
					"@loader_path/../Frameworks",
				);
				MACOSX_DEPLOYMENT_TARGET = 10.15;
				PRODUCT_BUNDLE_IDENTIFIER = furrki.VillagesTownTests;
				PRODUCT_NAME = "$(TARGET_NAME)";
				SWIFT_VERSION = 5.0;
				TEST_HOST = "$(BUILT_PRODUCTS_DIR)/VillagesTown.app/Contents/MacOS/VillagesTown";
			};
			name = Release;
		};
		FB27EB1D243FDEC10052F909 /* Debug */ = {
			isa = XCBuildConfiguration;
			buildSettings = {
				ALWAYS_EMBED_SWIFT_STANDARD_LIBRARIES = YES;
				CODE_SIGN_STYLE = Automatic;
				COMBINE_HIDPI_IMAGES = YES;
				DEVELOPMENT_TEAM = TU6A9VFP8M;
				INFOPLIST_FILE = VillagesTownUITests/Info.plist;
				LD_RUNPATH_SEARCH_PATHS = (
					"$(inherited)",
					"@executable_path/../Frameworks",
					"@loader_path/../Frameworks",
				);
				PRODUCT_BUNDLE_IDENTIFIER = furrki.VillagesTownUITests;
				PRODUCT_NAME = "$(TARGET_NAME)";
				SWIFT_VERSION = 5.0;
				TEST_TARGET_NAME = VillagesTown;
			};
			name = Debug;
		};
		FB27EB1E243FDEC10052F909 /* Release */ = {
			isa = XCBuildConfiguration;
			buildSettings = {
				ALWAYS_EMBED_SWIFT_STANDARD_LIBRARIES = YES;
				CODE_SIGN_STYLE = Automatic;
				COMBINE_HIDPI_IMAGES = YES;
				DEVELOPMENT_TEAM = TU6A9VFP8M;
				INFOPLIST_FILE = VillagesTownUITests/Info.plist;
				LD_RUNPATH_SEARCH_PATHS = (
					"$(inherited)",
					"@executable_path/../Frameworks",
					"@loader_path/../Frameworks",
				);
				PRODUCT_BUNDLE_IDENTIFIER = furrki.VillagesTownUITests;
				PRODUCT_NAME = "$(TARGET_NAME)";
				SWIFT_VERSION = 5.0;
				TEST_TARGET_NAME = VillagesTown;
			};
			name = Release;
		};
/* End XCBuildConfiguration section */

/* Begin XCConfigurationList section */
		FB27EAE8243FDEBC0052F909 /* Build configuration list for PBXProject "VillagesTown" */ = {
			isa = XCConfigurationList;
			buildConfigurations = (
				FB27EB14243FDEC10052F909 /* Debug */,
				FB27EB15243FDEC10052F909 /* Release */,
			);
			defaultConfigurationIsVisible = 0;
			defaultConfigurationName = Release;
		};
		FB27EB16243FDEC10052F909 /* Build configuration list for PBXNativeTarget "VillagesTown" */ = {
			isa = XCConfigurationList;
			buildConfigurations = (
				FB27EB17243FDEC10052F909 /* Debug */,
				FB27EB18243FDEC10052F909 /* Release */,
			);
			defaultConfigurationIsVisible = 0;
			defaultConfigurationName = Release;
		};
		FB27EB19243FDEC10052F909 /* Build configuration list for PBXNativeTarget "VillagesTownTests" */ = {
			isa = XCConfigurationList;
			buildConfigurations = (
				FB27EB1A243FDEC10052F909 /* Debug */,
				FB27EB1B243FDEC10052F909 /* Release */,
			);
			defaultConfigurationIsVisible = 0;
			defaultConfigurationName = Release;
		};
		FB27EB1C243FDEC10052F909 /* Build configuration list for PBXNativeTarget "VillagesTownUITests" */ = {
			isa = XCConfigurationList;
			buildConfigurations = (
				FB27EB1D243FDEC10052F909 /* Debug */,
				FB27EB1E243FDEC10052F909 /* Release */,
			);
			defaultConfigurationIsVisible = 0;
			defaultConfigurationName = Release;
		};
/* End XCConfigurationList section */
	};
	rootObject = FB27EAE5243FDEBC0052F909 /* Project object */;
}
